
Microsoft Visual Studio Solution File, Format Version 12.00
# Visual Studio 15
VisualStudioVersion = 15.0.27703.2026
MinimumVisualStudioVersion = 10.0.40219.1
Project("{FAE04EC0-301F-11D3-BF4B-00C04F79EFBC}") = "Y.ZSZ.ManageWeb", "Y.ZSZ.ManageWeb\Y.ZSZ.ManageWeb.csproj", "{5ACEDE92-33E4-4B8E-B0D0-3900E82391C4}"
EndProject
Project("{2150E333-8FDC-42A3-9474-1A3956D46DE8}") = "02 UI", "02 UI", "{34DBA920-9D80-44A0-8A5F-96FC8AC0A6BF}"
EndProject
Project("{FAE04EC0-301F-11D3-BF4B-00C04F79EFBC}") = "Y.ZSZ.FrontWeb", "Y.ZSZ.FrontWeb\Y.ZSZ.FrontWeb.csproj", "{69872FDA-879E-4099-9B36-80AD08E1ADBE}"
EndProject
Project("{2150E333-8FDC-42A3-9474-1A3956D46DE8}") = "04 Service", "04 Service", "{0B82771F-A21B-41B6-91D7-88B74D23FF7B}"
EndProject
Project("{FAE04EC0-301F-11D3-BF4B-00C04F79EFBC}") = "Y.ZSZ.Entity", "Y.ZSZ.Entity\Y.ZSZ.Entity.csproj", "{292F234A-763D-48A2-BE56-AAC7CE2C2B36}"
EndProject
Project("{FAE04EC0-301F-11D3-BF4B-00C04F79EFBC}") = "Y.ZSZ.DAL", "Y.ZSZ.DAL\Y.ZSZ.DAL.csproj", "{4CEF2394-C869-42F1-B874-A6C09BF21E1E}"
EndProject
Project("{FAE04EC0-301F-11D3-BF4B-00C04F79EFBC}") = "Y.ZSZ.BLL", "Y.ZSZ.BLL\Y.ZSZ.BLL.csproj", "{24EAF181-D4CE-4F60-ACCB-0A1202D4C1B5}"
EndProject
Project("{FAE04EC0-301F-11D3-BF4B-00C04F79EFBC}") = "Y.ZSZ.IBLL", "Y.ZSZ.IBLL\Y.ZSZ.IBLL.csproj", "{1BD2B3EF-3485-4869-9130-33423E2F5FD3}"
EndProject
Project("{2150E333-8FDC-42A3-9474-1A3956D46DE8}") = "03 IService", "03 IService", "{189404FD-B58F-4EEC-82BE-3D57B23396E2}"
EndProject
Project("{2150E333-8FDC-42A3-9474-1A3956D46DE8}") = "01 Core", "01 Core", "{35B260D1-FEAE-4F9E-8544-818074F02C9A}"
EndProject
Project("{FAE04EC0-301F-11D3-BF4B-00C04F79EFBC}") = "Y.ZSZ.Core", "Y.ZSZ.Core\Y.ZSZ.Core.csproj", "{C9405B56-C0E3-44DA-869A-1D4E7EAA2DD2}"
EndProject
Project("{FAE04EC0-301F-11D3-BF4B-00C04F79EFBC}") = "Y.ZSZ.DTO", "Y.ZSZ.DTO\Y.ZSZ.DTO.csproj", "{8DA8851B-EB52-4AD5-8A2A-2409B2D7DFBC}"
EndProject
Project("{2150E333-8FDC-42A3-9474-1A3956D46DE8}") = "06 Test", "06 Test", "{C9A2E009-68C6-4BE1-8B51-17BC815716BD}"
EndProject
Project("{FAE04EC0-301F-11D3-BF4B-00C04F79EFBC}") = "Y.ZSZ.UnitTest", "Y.ZSZ.UnitTest\Y.ZSZ.UnitTest.csproj", "{D9BAFA89-D7ED-48F1-8AE1-412E86D90C75}"
EndProject
Project("{FAE04EC0-301F-11D3-BF4B-00C04F79EFBC}") = "Y.ZSZ.CoreMvc", "Y.ZSZ.CoreMvc\Y.ZSZ.CoreMvc.csproj", "{CC7C16B1-3F69-4109-9F78-7EE17EC10E12}"
EndProject
Global
	GlobalSection(SolutionConfigurationPlatforms) = preSolution
		Debug|Any CPU = Debug|Any CPU
		Release|Any CPU = Release|Any CPU
	EndGlobalSection
	GlobalSection(ProjectConfigurationPlatforms) = postSolution
		{5ACEDE92-33E4-4B8E-B0D0-3900E82391C4}.Debug|Any CPU.ActiveCfg = Debug|Any CPU
		{5ACEDE92-33E4-4B8E-B0D0-3900E82391C4}.Debug|Any CPU.Build.0 = Debug|Any CPU
		{5ACEDE92-33E4-4B8E-B0D0-3900E82391C4}.Release|Any CPU.ActiveCfg = Release|Any CPU
		{5ACEDE92-33E4-4B8E-B0D0-3900E82391C4}.Release|Any CPU.Build.0 = Release|Any CPU
		{69872FDA-879E-4099-9B36-80AD08E1ADBE}.Debug|Any CPU.ActiveCfg = Debug|Any CPU
		{69872FDA-879E-4099-9B36-80AD08E1ADBE}.Debug|Any CPU.Build.0 = Debug|Any CPU
		{69872FDA-879E-4099-9B36-80AD08E1ADBE}.Release|Any CPU.ActiveCfg = Release|Any CPU
		{69872FDA-879E-4099-9B36-80AD08E1ADBE}.Release|Any CPU.Build.0 = Release|Any CPU
		{292F234A-763D-48A2-BE56-AAC7CE2C2B36}.Debug|Any CPU.ActiveCfg = Debug|Any CPU
		{292F234A-763D-48A2-BE56-AAC7CE2C2B36}.Debug|Any CPU.Build.0 = Debug|Any CPU
		{292F234A-763D-48A2-BE56-AAC7CE2C2B36}.Release|Any CPU.ActiveCfg = Release|Any CPU
		{292F234A-763D-48A2-BE56-AAC7CE2C2B36}.Release|Any CPU.Build.0 = Release|Any CPU
		{4CEF2394-C869-42F1-B874-A6C09BF21E1E}.Debug|Any CPU.ActiveCfg = Debug|Any CPU
		{4CEF2394-C869-42F1-B874-A6C09BF21E1E}.Debug|Any CPU.Build.0 = Debug|Any CPU
		{4CEF2394-C869-42F1-B874-A6C09BF21E1E}.Release|Any CPU.ActiveCfg = Release|Any CPU
		{4CEF2394-C869-42F1-B874-A6C09BF21E1E}.Release|Any CPU.Build.0 = Release|Any CPU
		{24EAF181-D4CE-4F60-ACCB-0A1202D4C1B5}.Debug|Any CPU.ActiveCfg = Debug|Any CPU
		{24EAF181-D4CE-4F60-ACCB-0A1202D4C1B5}.Debug|Any CPU.Build.0 = Debug|Any CPU
		{24EAF181-D4CE-4F60-ACCB-0A1202D4C1B5}.Release|Any CPU.ActiveCfg = Release|Any CPU
		{24EAF181-D4CE-4F60-ACCB-0A1202D4C1B5}.Release|Any CPU.Build.0 = Release|Any CPU
		{1BD2B3EF-3485-4869-9130-33423E2F5FD3}.Debug|Any CPU.ActiveCfg = Debug|Any CPU
		{1BD2B3EF-3485-4869-9130-33423E2F5FD3}.Debug|Any CPU.Build.0 = Debug|Any CPU
		{1BD2B3EF-3485-4869-9130-33423E2F5FD3}.Release|Any CPU.ActiveCfg = Release|Any CPU
		{1BD2B3EF-3485-4869-9130-33423E2F5FD3}.Release|Any CPU.Build.0 = Release|Any CPU
		{C9405B56-C0E3-44DA-869A-1D4E7EAA2DD2}.Debug|Any CPU.ActiveCfg = Debug|Any CPU
		{C9405B56-C0E3-44DA-869A-1D4E7EAA2DD2}.Debug|Any CPU.Build.0 = Debug|Any CPU
		{C9405B56-C0E3-44DA-869A-1D4E7EAA2DD2}.Release|Any CPU.ActiveCfg = Release|Any CPU
		{C9405B56-C0E3-44DA-869A-1D4E7EAA2DD2}.Release|Any CPU.Build.0 = Release|Any CPU
		{8DA8851B-EB52-4AD5-8A2A-2409B2D7DFBC}.Debug|Any CPU.ActiveCfg = Debug|Any CPU
		{8DA8851B-EB52-4AD5-8A2A-2409B2D7DFBC}.Debug|Any CPU.Build.0 = Debug|Any CPU
		{8DA8851B-EB52-4AD5-8A2A-2409B2D7DFBC}.Release|Any CPU.ActiveCfg = Release|Any CPU
		{8DA8851B-EB52-4AD5-8A2A-2409B2D7DFBC}.Release|Any CPU.Build.0 = Release|Any CPU
		{D9BAFA89-D7ED-48F1-8AE1-412E86D90C75}.Debug|Any CPU.ActiveCfg = Debug|Any CPU
		{D9BAFA89-D7ED-48F1-8AE1-412E86D90C75}.Debug|Any CPU.Build.0 = Debug|Any CPU
		{D9BAFA89-D7ED-48F1-8AE1-412E86D90C75}.Release|Any CPU.ActiveCfg = Release|Any CPU
		{D9BAFA89-D7ED-48F1-8AE1-412E86D90C75}.Release|Any CPU.Build.0 = Release|Any CPU
		{CC7C16B1-3F69-4109-9F78-7EE17EC10E12}.Debug|Any CPU.ActiveCfg = Debug|Any CPU
		{CC7C16B1-3F69-4109-9F78-7EE17EC10E12}.Debug|Any CPU.Build.0 = Debug|Any CPU
		{CC7C16B1-3F69-4109-9F78-7EE17EC10E12}.Release|Any CPU.ActiveCfg = Release|Any CPU
		{CC7C16B1-3F69-4109-9F78-7EE17EC10E12}.Release|Any CPU.Build.0 = Release|Any CPU
	EndGlobalSection
	GlobalSection(SolutionProperties) = preSolution
		HideSolutionNode = FALSE
	EndGlobalSection
	GlobalSection(NestedProjects) = preSolution
		{5ACEDE92-33E4-4B8E-B0D0-3900E82391C4} = {34DBA920-9D80-44A0-8A5F-96FC8AC0A6BF}
		{69872FDA-879E-4099-9B36-80AD08E1ADBE} = {34DBA920-9D80-44A0-8A5F-96FC8AC0A6BF}
		{292F234A-763D-48A2-BE56-AAC7CE2C2B36} = {0B82771F-A21B-41B6-91D7-88B74D23FF7B}
		{4CEF2394-C869-42F1-B874-A6C09BF21E1E} = {0B82771F-A21B-41B6-91D7-88B74D23FF7B}
		{24EAF181-D4CE-4F60-ACCB-0A1202D4C1B5} = {0B82771F-A21B-41B6-91D7-88B74D23FF7B}
		{1BD2B3EF-3485-4869-9130-33423E2F5FD3} = {189404FD-B58F-4EEC-82BE-3D57B23396E2}
		{C9405B56-C0E3-44DA-869A-1D4E7EAA2DD2} = {35B260D1-FEAE-4F9E-8544-818074F02C9A}
		{8DA8851B-EB52-4AD5-8A2A-2409B2D7DFBC} = {0B82771F-A21B-41B6-91D7-88B74D23FF7B}
		{D9BAFA89-D7ED-48F1-8AE1-412E86D90C75} = {C9A2E009-68C6-4BE1-8B51-17BC815716BD}
		{CC7C16B1-3F69-4109-9F78-7EE17EC10E12} = {35B260D1-FEAE-4F9E-8544-818074F02C9A}
	EndGlobalSection
	GlobalSection(ExtensibilityGlobals) = postSolution
		SolutionGuid = {8E4AC7A2-8CA9-4376-A4D3-87727E1D4E2F}
	EndGlobalSection
EndGlobal
